
Microsoft Visual Studio Solution File, Format Version 12.00
# Visual Studio Version 16
VisualStudioVersion = 16.0.31424.327
MinimumVisualStudioVersion = 10.0.40219.1
Project("{8BC9CEB8-8B4A-11D0-8D11-00A0C91BC942}") = "T1_snida_andrey_tic_tac_toe", "T1_snida_andrey_tic_tac_toe.vcxproj", "{778BB252-D8A0-47A1-AD04-D56D0D72C404}"
EndProject
Project("{8BC9CEB8-8B4A-11D0-8D11-00A0C91BC942}") = "Tests_tic_tac_toe", "Tests_tic_tac_toe\Tests_tic_tac_toe.vcxproj", "{A848CC8E-D90F-4E6F-AFFE-1EDC0E9CF277}"
EndProject
Global
	GlobalSection(SolutionConfigurationPlatforms) = preSolution
		Debug|x64 = Debug|x64
		Debug|x86 = Debug|x86
		Release|x64 = Release|x64
		Release|x86 = Release|x86
	EndGlobalSection
	GlobalSection(ProjectConfigurationPlatforms) = postSolution
		{778BB252-D8A0-47A1-AD04-D56D0D72C404}.Debug|x64.ActiveCfg = Debug|x64
		{778BB252-D8A0-47A1-AD04-D56D0D72C404}.Debug|x64.Build.0 = Debug|x64
		{778BB252-D8A0-47A1-AD04-D56D0D72C404}.Debug|x86.ActiveCfg = Debug|Win32
		{778BB252-D8A0-47A1-AD04-D56D0D72C404}.Debug|x86.Build.0 = Debug|Win32
		{778BB252-D8A0-47A1-AD04-D56D0D72C404}.Release|x64.ActiveCfg = Release|x64
		{778BB252-D8A0-47A1-AD04-D56D0D72C404}.Release|x64.Build.0 = Release|x64
		{778BB252-D8A0-47A1-AD04-D56D0D72C404}.Release|x86.ActiveCfg = Release|Win32
		{778BB252-D8A0-47A1-AD04-D56D0D72C404}.Release|x86.Build.0 = Release|Win32
		{A848CC8E-D90F-4E6F-AFFE-1EDC0E9CF277}.Debug|x64.ActiveCfg = Debug|x64
		{A848CC8E-D90F-4E6F-AFFE-1EDC0E9CF277}.Debug|x64.Build.0 = Debug|x64
		{A848CC8E-D90F-4E6F-AFFE-1EDC0E9CF277}.Debug|x86.ActiveCfg = Debug|Win32
		{A848CC8E-D90F-4E6F-AFFE-1EDC0E9CF277}.Debug|x86.Build.0 = Debug|Win32
		{A848CC8E-D90F-4E6F-AFFE-1EDC0E9CF277}.Release|x64.ActiveCfg = Release|x64
		{A848CC8E-D90F-4E6F-AFFE-1EDC0E9CF277}.Release|x64.Build.0 = Release|x64
		{A848CC8E-D90F-4E6F-AFFE-1EDC0E9CF277}.Release|x86.ActiveCfg = Release|Win32
		{A848CC8E-D90F-4E6F-AFFE-1EDC0E9CF277}.Release|x86.Build.0 = Release|Win32
	EndGlobalSection
	GlobalSection(SolutionProperties) = preSolution
		HideSolutionNode = FALSE
	EndGlobalSection
	GlobalSection(ExtensibilityGlobals) = postSolution
		SolutionGuid = {B9B65C19-1904-4A0B-B698-0EFDBA6CEDEB}
	EndGlobalSection
EndGlobal
